// !$*UTF8*$!
{
	archiveVersion = 1;
	classes = {
	};
	objectVersion = 50;
	objects = {

/* Begin PBXBuildFile section */
		B3135B6525A4BD0000AB3F6A /* Model.xcdatamodeld in Sources */ = {isa = PBXBuildFile; fileRef = B3135B6325A4BD0000AB3F6A /* Model.xcdatamodeld */; };
		B3135BB125A4DA2400AB3F6A /* Repository+CoreDataClass.swift in Sources */ = {isa = PBXBuildFile; fileRef = B3135BAD25A4DA2400AB3F6A /* Repository+CoreDataClass.swift */; };
		B3135BB325A4DA2400AB3F6A /* SearchResult+CoreDataClass.swift in Sources */ = {isa = PBXBuildFile; fileRef = B3135BAF25A4DA2400AB3F6A /* SearchResult+CoreDataClass.swift */; };
		B3135BB425A4DA2400AB3F6A /* SearchResult+CoreDataProperties.swift in Sources */ = {isa = PBXBuildFile; fileRef = B3135BB025A4DA2400AB3F6A /* SearchResult+CoreDataProperties.swift */; };
		B3135BC325A4F20500AB3F6A /* CodingUserInfoKey.swift in Sources */ = {isa = PBXBuildFile; fileRef = B3135BC225A4F20500AB3F6A /* CodingUserInfoKey.swift */; };
		B3135BD825A509E400AB3F6A /* Repository+CoreDataProperties.swift in Sources */ = {isa = PBXBuildFile; fileRef = B3135BD625A509E400AB3F6A /* Repository+CoreDataProperties.swift */; };
		B3135BEB25A50D4300AB3F6A /* JSON.json in Resources */ = {isa = PBXBuildFile; fileRef = B3135BEA25A50D4300AB3F6A /* JSON.json */; };
		B3710FF025A94C7100BE63C9 /* CellViewModel.swift in Sources */ = {isa = PBXBuildFile; fileRef = B3710FEF25A94C7100BE63C9 /* CellViewModel.swift */; };
		B371100025AB48FD00BE63C9 /* CachedResultsViewController.swift in Sources */ = {isa = PBXBuildFile; fileRef = B3710FFF25AB48FD00BE63C9 /* CachedResultsViewController.swift */; };
		B371100825AB49EB00BE63C9 /* CachedResultsViewModel.swift in Sources */ = {isa = PBXBuildFile; fileRef = B371100725AB49EB00BE63C9 /* CachedResultsViewModel.swift */; };
		B371101325ABF09900BE63C9 /* DatabaseManager.swift in Sources */ = {isa = PBXBuildFile; fileRef = B371101225ABF09900BE63C9 /* DatabaseManager.swift */; };
		B371101825ACE56500BE63C9 /* PersistentContainer.swift in Sources */ = {isa = PBXBuildFile; fileRef = B371101725ACE56500BE63C9 /* PersistentContainer.swift */; };
		B371101D25ACEEEC00BE63C9 /* MainTabBarController.swift in Sources */ = {isa = PBXBuildFile; fileRef = B371101C25ACEEEC00BE63C9 /* MainTabBarController.swift */; };
		B39E4EFC25A906540034A519 /* RepostiryTableViewCell.swift in Sources */ = {isa = PBXBuildFile; fileRef = B39E4EFB25A906540034A519 /* RepostiryTableViewCell.swift */; };
		B39E4F0425A906C80034A519 /* SearchReposirotiesViewModel.swift in Sources */ = {isa = PBXBuildFile; fileRef = B39E4F0325A906C80034A519 /* SearchReposirotiesViewModel.swift */; };
		B3D97BE825A22C1600B3F715 /* AppDelegate.swift in Sources */ = {isa = PBXBuildFile; fileRef = B3D97BE725A22C1600B3F715 /* AppDelegate.swift */; };
		B3D97BEA25A22C1600B3F715 /* SceneDelegate.swift in Sources */ = {isa = PBXBuildFile; fileRef = B3D97BE925A22C1600B3F715 /* SceneDelegate.swift */; };
		B3D97BEC25A22C1600B3F715 /* SearchRepositoriesViewController.swift in Sources */ = {isa = PBXBuildFile; fileRef = B3D97BEB25A22C1600B3F715 /* SearchRepositoriesViewController.swift */; };
		B3D97BF125A22C1700B3F715 /* Assets.xcassets in Resources */ = {isa = PBXBuildFile; fileRef = B3D97BF025A22C1700B3F715 /* Assets.xcassets */; };
		B3D97BF425A22C1700B3F715 /* LaunchScreen.storyboard in Resources */ = {isa = PBXBuildFile; fileRef = B3D97BF225A22C1700B3F715 /* LaunchScreen.storyboard */; };
		B3D97BFF25A22C1700B3F715 /* GithubRepoSearcherSwiftTests.swift in Sources */ = {isa = PBXBuildFile; fileRef = B3D97BFE25A22C1700B3F715 /* GithubRepoSearcherSwiftTests.swift */; };
		B3D97C0A25A22C1700B3F715 /* GithubRepoSearcherSwiftUITests.swift in Sources */ = {isa = PBXBuildFile; fileRef = B3D97C0925A22C1700B3F715 /* GithubRepoSearcherSwiftUITests.swift */; };
		B3D97C1D25A22CF100B3F715 /* GitApiRequest.swift in Sources */ = {isa = PBXBuildFile; fileRef = B3D97C1A25A22CF100B3F715 /* GitApiRequest.swift */; };
		B3D97C1E25A22CF100B3F715 /* NetworkManager.swift in Sources */ = {isa = PBXBuildFile; fileRef = B3D97C1B25A22CF100B3F715 /* NetworkManager.swift */; };
		B3D97C1F25A22CF100B3F715 /* RequestBuilder.swift in Sources */ = {isa = PBXBuildFile; fileRef = B3D97C1C25A22CF100B3F715 /* RequestBuilder.swift */; };
		B3D97C2825A22E4A00B3F715 /* Reachability.swift in Sources */ = {isa = PBXBuildFile; fileRef = B3D97C2725A22E4A00B3F715 /* Reachability.swift */; };
		B3D97C2D25A22E9C00B3F715 /* Constants.swift in Sources */ = {isa = PBXBuildFile; fileRef = B3D97C2C25A22E9C00B3F715 /* Constants.swift */; };
		B3DE678825AF8B8E00A90417 /* TestableDatabaseManager.swift in Sources */ = {isa = PBXBuildFile; fileRef = B3DE678725AF8B8E00A90417 /* TestableDatabaseManager.swift */; };
		B3DE678D25AF937900A90417 /* TestsSearchResultsViewModel.swift in Sources */ = {isa = PBXBuildFile; fileRef = B3DE678C25AF937900A90417 /* TestsSearchResultsViewModel.swift */; };
		B3DE679225AF97A600A90417 /* TestableRepoFinder.swift in Sources */ = {isa = PBXBuildFile; fileRef = B3DE679125AF97A600A90417 /* TestableRepoFinder.swift */; };
		B3DE679925AF9D4700A90417 /* RepoFinder.swift in Sources */ = {isa = PBXBuildFile; fileRef = B3DE679825AF9D4700A90417 /* RepoFinder.swift */; };
		B3DE67C425AFAFF800A90417 /* TestRepositoryParse.swift in Sources */ = {isa = PBXBuildFile; fileRef = B3DE67C325AFAFF800A90417 /* TestRepositoryParse.swift */; };
/* End PBXBuildFile section */

/* Begin PBXContainerItemProxy section */
		B3D97BFB25A22C1700B3F715 /* PBXContainerItemProxy */ = {
			isa = PBXContainerItemProxy;
			containerPortal = B3D97BDC25A22C1600B3F715 /* Project object */;
			proxyType = 1;
			remoteGlobalIDString = B3D97BE325A22C1600B3F715;
			remoteInfo = GithubRepoSearcherSwift;
		};
		B3D97C0625A22C1700B3F715 /* PBXContainerItemProxy */ = {
			isa = PBXContainerItemProxy;
			containerPortal = B3D97BDC25A22C1600B3F715 /* Project object */;
			proxyType = 1;
			remoteGlobalIDString = B3D97BE325A22C1600B3F715;
			remoteInfo = GithubRepoSearcherSwift;
		};
/* End PBXContainerItemProxy section */

/* Begin PBXFileReference section */
		B3135B6425A4BD0000AB3F6A /* Model.xcdatamodel */ = {isa = PBXFileReference; lastKnownFileType = wrapper.xcdatamodel; path = Model.xcdatamodel; sourceTree = "<group>"; };
		B3135BAD25A4DA2400AB3F6A /* Repository+CoreDataClass.swift */ = {isa = PBXFileReference; lastKnownFileType = sourcecode.swift; path = "Repository+CoreDataClass.swift"; sourceTree = "<group>"; };
		B3135BAF25A4DA2400AB3F6A /* SearchResult+CoreDataClass.swift */ = {isa = PBXFileReference; lastKnownFileType = sourcecode.swift; path = "SearchResult+CoreDataClass.swift"; sourceTree = "<group>"; };
		B3135BB025A4DA2400AB3F6A /* SearchResult+CoreDataProperties.swift */ = {isa = PBXFileReference; lastKnownFileType = sourcecode.swift; path = "SearchResult+CoreDataProperties.swift"; sourceTree = "<group>"; };
		B3135BC225A4F20500AB3F6A /* CodingUserInfoKey.swift */ = {isa = PBXFileReference; lastKnownFileType = sourcecode.swift; path = CodingUserInfoKey.swift; sourceTree = "<group>"; };
		B3135BD625A509E400AB3F6A /* Repository+CoreDataProperties.swift */ = {isa = PBXFileReference; lastKnownFileType = sourcecode.swift; name = "Repository+CoreDataProperties.swift"; path = "../../../Repository+CoreDataProperties.swift"; sourceTree = "<group>"; };
		B3135BEA25A50D4300AB3F6A /* JSON.json */ = {isa = PBXFileReference; lastKnownFileType = text.json; path = JSON.json; sourceTree = "<group>"; };
		B3710FEF25A94C7100BE63C9 /* CellViewModel.swift */ = {isa = PBXFileReference; lastKnownFileType = sourcecode.swift; path = CellViewModel.swift; sourceTree = "<group>"; };
		B3710FFF25AB48FD00BE63C9 /* CachedResultsViewController.swift */ = {isa = PBXFileReference; lastKnownFileType = sourcecode.swift; path = CachedResultsViewController.swift; sourceTree = "<group>"; };
		B371100725AB49EB00BE63C9 /* CachedResultsViewModel.swift */ = {isa = PBXFileReference; lastKnownFileType = sourcecode.swift; path = CachedResultsViewModel.swift; sourceTree = "<group>"; };
		B371101225ABF09900BE63C9 /* DatabaseManager.swift */ = {isa = PBXFileReference; lastKnownFileType = sourcecode.swift; path = DatabaseManager.swift; sourceTree = "<group>"; };
		B371101725ACE56500BE63C9 /* PersistentContainer.swift */ = {isa = PBXFileReference; lastKnownFileType = sourcecode.swift; path = PersistentContainer.swift; sourceTree = "<group>"; };
		B371101C25ACEEEC00BE63C9 /* MainTabBarController.swift */ = {isa = PBXFileReference; lastKnownFileType = sourcecode.swift; path = MainTabBarController.swift; sourceTree = "<group>"; };
		B39E4EFB25A906540034A519 /* RepostiryTableViewCell.swift */ = {isa = PBXFileReference; lastKnownFileType = sourcecode.swift; path = RepostiryTableViewCell.swift; sourceTree = "<group>"; };
		B39E4F0325A906C80034A519 /* SearchReposirotiesViewModel.swift */ = {isa = PBXFileReference; lastKnownFileType = sourcecode.swift; path = SearchReposirotiesViewModel.swift; sourceTree = "<group>"; };
		B3D97BE425A22C1600B3F715 /* GithubRepoSearcherSwift.app */ = {isa = PBXFileReference; explicitFileType = wrapper.application; includeInIndex = 0; path = GithubRepoSearcherSwift.app; sourceTree = BUILT_PRODUCTS_DIR; };
		B3D97BE725A22C1600B3F715 /* AppDelegate.swift */ = {isa = PBXFileReference; lastKnownFileType = sourcecode.swift; path = AppDelegate.swift; sourceTree = "<group>"; };
		B3D97BE925A22C1600B3F715 /* SceneDelegate.swift */ = {isa = PBXFileReference; lastKnownFileType = sourcecode.swift; path = SceneDelegate.swift; sourceTree = "<group>"; };
		B3D97BEB25A22C1600B3F715 /* SearchRepositoriesViewController.swift */ = {isa = PBXFileReference; lastKnownFileType = sourcecode.swift; path = SearchRepositoriesViewController.swift; sourceTree = "<group>"; };
		B3D97BF025A22C1700B3F715 /* Assets.xcassets */ = {isa = PBXFileReference; lastKnownFileType = folder.assetcatalog; path = Assets.xcassets; sourceTree = "<group>"; };
		B3D97BF325A22C1700B3F715 /* Base */ = {isa = PBXFileReference; lastKnownFileType = file.storyboard; name = Base; path = Base.lproj/LaunchScreen.storyboard; sourceTree = "<group>"; };
		B3D97BF525A22C1700B3F715 /* Info.plist */ = {isa = PBXFileReference; lastKnownFileType = text.plist.xml; path = Info.plist; sourceTree = "<group>"; };
		B3D97BFA25A22C1700B3F715 /* GithubRepoSearcherSwiftTests.xctest */ = {isa = PBXFileReference; explicitFileType = wrapper.cfbundle; includeInIndex = 0; path = GithubRepoSearcherSwiftTests.xctest; sourceTree = BUILT_PRODUCTS_DIR; };
		B3D97BFE25A22C1700B3F715 /* GithubRepoSearcherSwiftTests.swift */ = {isa = PBXFileReference; lastKnownFileType = sourcecode.swift; path = GithubRepoSearcherSwiftTests.swift; sourceTree = "<group>"; };
		B3D97C0025A22C1700B3F715 /* Info.plist */ = {isa = PBXFileReference; lastKnownFileType = text.plist.xml; path = Info.plist; sourceTree = "<group>"; };
		B3D97C0525A22C1700B3F715 /* GithubRepoSearcherSwiftUITests.xctest */ = {isa = PBXFileReference; explicitFileType = wrapper.cfbundle; includeInIndex = 0; path = GithubRepoSearcherSwiftUITests.xctest; sourceTree = BUILT_PRODUCTS_DIR; };
		B3D97C0925A22C1700B3F715 /* GithubRepoSearcherSwiftUITests.swift */ = {isa = PBXFileReference; lastKnownFileType = sourcecode.swift; path = GithubRepoSearcherSwiftUITests.swift; sourceTree = "<group>"; };
		B3D97C0B25A22C1700B3F715 /* Info.plist */ = {isa = PBXFileReference; lastKnownFileType = text.plist.xml; path = Info.plist; sourceTree = "<group>"; };
		B3D97C1A25A22CF100B3F715 /* GitApiRequest.swift */ = {isa = PBXFileReference; fileEncoding = 4; lastKnownFileType = sourcecode.swift; path = GitApiRequest.swift; sourceTree = "<group>"; };
		B3D97C1B25A22CF100B3F715 /* NetworkManager.swift */ = {isa = PBXFileReference; fileEncoding = 4; lastKnownFileType = sourcecode.swift; path = NetworkManager.swift; sourceTree = "<group>"; };
		B3D97C1C25A22CF100B3F715 /* RequestBuilder.swift */ = {isa = PBXFileReference; fileEncoding = 4; lastKnownFileType = sourcecode.swift; path = RequestBuilder.swift; sourceTree = "<group>"; };
		B3D97C2725A22E4A00B3F715 /* Reachability.swift */ = {isa = PBXFileReference; fileEncoding = 4; lastKnownFileType = sourcecode.swift; path = Reachability.swift; sourceTree = "<group>"; };
		B3D97C2C25A22E9C00B3F715 /* Constants.swift */ = {isa = PBXFileReference; fileEncoding = 4; lastKnownFileType = sourcecode.swift; path = Constants.swift; sourceTree = "<group>"; };
		B3DE678725AF8B8E00A90417 /* TestableDatabaseManager.swift */ = {isa = PBXFileReference; lastKnownFileType = sourcecode.swift; path = TestableDatabaseManager.swift; sourceTree = "<group>"; };
		B3DE678C25AF937900A90417 /* TestsSearchResultsViewModel.swift */ = {isa = PBXFileReference; lastKnownFileType = sourcecode.swift; path = TestsSearchResultsViewModel.swift; sourceTree = "<group>"; };
		B3DE679125AF97A600A90417 /* TestableRepoFinder.swift */ = {isa = PBXFileReference; lastKnownFileType = sourcecode.swift; path = TestableRepoFinder.swift; sourceTree = "<group>"; };
		B3DE679825AF9D4700A90417 /* RepoFinder.swift */ = {isa = PBXFileReference; lastKnownFileType = sourcecode.swift; path = RepoFinder.swift; sourceTree = "<group>"; };
		B3DE67C325AFAFF800A90417 /* TestRepositoryParse.swift */ = {isa = PBXFileReference; lastKnownFileType = sourcecode.swift; path = TestRepositoryParse.swift; sourceTree = "<group>"; };
/* End PBXFileReference section */

/* Begin PBXFrameworksBuildPhase section */
		B3D97BE125A22C1600B3F715 /* Frameworks */ = {
			isa = PBXFrameworksBuildPhase;
			buildActionMask = 2147483647;
			files = (
			);
			runOnlyForDeploymentPostprocessing = 0;
		};
		B3D97BF725A22C1700B3F715 /* Frameworks */ = {
			isa = PBXFrameworksBuildPhase;
			buildActionMask = 2147483647;
			files = (
			);
			runOnlyForDeploymentPostprocessing = 0;
		};
		B3D97C0225A22C1700B3F715 /* Frameworks */ = {
			isa = PBXFrameworksBuildPhase;
			buildActionMask = 2147483647;
			files = (
			);
			runOnlyForDeploymentPostprocessing = 0;
		};
/* End PBXFrameworksBuildPhase section */

/* Begin PBXGroup section */
		B3135B7725A4D63700AB3F6A /* Models */ = {
			isa = PBXGroup;
			children = (
				B3135B9425A4D8AE00AB3F6A /* Repository */,
				B3135B9C25A4D8D900AB3F6A /* SearchResult */,
				B3135B6325A4BD0000AB3F6A /* Model.xcdatamodeld */,
			);
			path = Models;
			sourceTree = "<group>";
		};
		B3135B9425A4D8AE00AB3F6A /* Repository */ = {
			isa = PBXGroup;
			children = (
				B3135BD625A509E400AB3F6A /* Repository+CoreDataProperties.swift */,
				B3135BAD25A4DA2400AB3F6A /* Repository+CoreDataClass.swift */,
			);
			path = Repository;
			sourceTree = "<group>";
		};
		B3135B9C25A4D8D900AB3F6A /* SearchResult */ = {
			isa = PBXGroup;
			children = (
				B3135BAF25A4DA2400AB3F6A /* SearchResult+CoreDataClass.swift */,
				B3135BB025A4DA2400AB3F6A /* SearchResult+CoreDataProperties.swift */,
			);
			path = SearchResult;
			sourceTree = "<group>";
		};
		B3135BC125A4F1E000AB3F6A /* Extensions */ = {
			isa = PBXGroup;
			children = (
				B3135BC225A4F20500AB3F6A /* CodingUserInfoKey.swift */,
			);
			path = Extensions;
			sourceTree = "<group>";
		};
		B3135BCA25A4F7DE00AB3F6A /* Utils */ = {
			isa = PBXGroup;
			children = (
				B3D97BF025A22C1700B3F715 /* Assets.xcassets */,
				B3D97C2C25A22E9C00B3F715 /* Constants.swift */,
			);
			path = Utils;
			sourceTree = "<group>";
		};
		B3135BD125A5044F00AB3F6A /* CoreData */ = {
			isa = PBXGroup;
			children = (
				B371101225ABF09900BE63C9 /* DatabaseManager.swift */,
				B371101725ACE56500BE63C9 /* PersistentContainer.swift */,
			);
			path = CoreData;
			sourceTree = "<group>";
		};
		B3710FFA25A9559000BE63C9 /* SearchRepositories */ = {
			isa = PBXGroup;
			children = (
				B3D97BEB25A22C1600B3F715 /* SearchRepositoriesViewController.swift */,
				B39E4EFB25A906540034A519 /* RepostiryTableViewCell.swift */,
			);
			path = SearchRepositories;
			sourceTree = "<group>";
		};
		B3710FFE25AB48C300BE63C9 /* CachedResults */ = {
			isa = PBXGroup;
			children = (
				B3710FFF25AB48FD00BE63C9 /* CachedResultsViewController.swift */,
			);
			path = CachedResults;
			sourceTree = "<group>";
		};
		B39E4EEC25A905F00034A519 /* View */ = {
			isa = PBXGroup;
			children = (
				B3710FFE25AB48C300BE63C9 /* CachedResults */,
				B3710FFA25A9559000BE63C9 /* SearchRepositories */,
				B3D97BE925A22C1600B3F715 /* SceneDelegate.swift */,
				B3D97BE725A22C1600B3F715 /* AppDelegate.swift */,
				B3D97BF225A22C1700B3F715 /* LaunchScreen.storyboard */,
				B371101C25ACEEEC00BE63C9 /* MainTabBarController.swift */,
			);
			path = View;
			sourceTree = "<group>";
		};
		B39E4EED25A905FA0034A519 /* ViewModels */ = {
			isa = PBXGroup;
			children = (
				B39E4F0325A906C80034A519 /* SearchReposirotiesViewModel.swift */,
				B371100725AB49EB00BE63C9 /* CachedResultsViewModel.swift */,
				B3710FEF25A94C7100BE63C9 /* CellViewModel.swift */,
			);
			path = ViewModels;
			sourceTree = "<group>";
		};
		B3D97BDB25A22C1600B3F715 = {
			isa = PBXGroup;
			children = (
				B3D97BE625A22C1600B3F715 /* GithubRepoSearcherSwift */,
				B3D97BFD25A22C1700B3F715 /* GithubRepoSearcherSwiftTests */,
				B3D97C0825A22C1700B3F715 /* GithubRepoSearcherSwiftUITests */,
				B3D97BE525A22C1600B3F715 /* Products */,
			);
			sourceTree = "<group>";
		};
		B3D97BE525A22C1600B3F715 /* Products */ = {
			isa = PBXGroup;
			children = (
				B3D97BE425A22C1600B3F715 /* GithubRepoSearcherSwift.app */,
				B3D97BFA25A22C1700B3F715 /* GithubRepoSearcherSwiftTests.xctest */,
				B3D97C0525A22C1700B3F715 /* GithubRepoSearcherSwiftUITests.xctest */,
			);
			name = Products;
			sourceTree = "<group>";
		};
		B3D97BE625A22C1600B3F715 /* GithubRepoSearcherSwift */ = {
			isa = PBXGroup;
			children = (
				B3135BD125A5044F00AB3F6A /* CoreData */,
				B3135BC125A4F1E000AB3F6A /* Extensions */,
				B3135B7725A4D63700AB3F6A /* Models */,
				B3D97C2325A22CFA00B3F715 /* Network */,
				B3135BCA25A4F7DE00AB3F6A /* Utils */,
				B3DE679725AF9D1C00A90417 /* Services */,
				B39E4EED25A905FA0034A519 /* ViewModels */,
				B39E4EEC25A905F00034A519 /* View */,
				B3135BEA25A50D4300AB3F6A /* JSON.json */,
				B3D97BF525A22C1700B3F715 /* Info.plist */,
			);
			path = GithubRepoSearcherSwift;
			sourceTree = "<group>";
		};
		B3D97BFD25A22C1700B3F715 /* GithubRepoSearcherSwiftTests */ = {
			isa = PBXGroup;
			children = (
				B3DE67B225AFAF9900A90417 /* Wrappers */,
				B3DE67BC25AFAFAD00A90417 /* Tests */,
				B3D97C0025A22C1700B3F715 /* Info.plist */,
			);
			path = GithubRepoSearcherSwiftTests;
			sourceTree = "<group>";
		};
		B3D97C0825A22C1700B3F715 /* GithubRepoSearcherSwiftUITests */ = {
			isa = PBXGroup;
			children = (
				B3D97C0925A22C1700B3F715 /* GithubRepoSearcherSwiftUITests.swift */,
				B3D97C0B25A22C1700B3F715 /* Info.plist */,
			);
			path = GithubRepoSearcherSwiftUITests;
			sourceTree = "<group>";
		};
		B3D97C2325A22CFA00B3F715 /* Network */ = {
			isa = PBXGroup;
			children = (
				B3D97C1B25A22CF100B3F715 /* NetworkManager.swift */,
				B3D97C1C25A22CF100B3F715 /* RequestBuilder.swift */,
				B3D97C2725A22E4A00B3F715 /* Reachability.swift */,
				B3D97C1A25A22CF100B3F715 /* GitApiRequest.swift */,
			);
			path = Network;
			sourceTree = "<group>";
		};
		B3DE679725AF9D1C00A90417 /* Services */ = {
			isa = PBXGroup;
			children = (
				B3DE679825AF9D4700A90417 /* RepoFinder.swift */,
			);
			path = Services;
			sourceTree = "<group>";
		};
		B3DE67B225AFAF9900A90417 /* Wrappers */ = {
			isa = PBXGroup;
			children = (
				B3DE678725AF8B8E00A90417 /* TestableDatabaseManager.swift */,
				B3DE679125AF97A600A90417 /* TestableRepoFinder.swift */,
			);
			path = Wrappers;
			sourceTree = "<group>";
		};
		B3DE67BC25AFAFAD00A90417 /* Tests */ = {
			isa = PBXGroup;
			children = (
				B3D97BFE25A22C1700B3F715 /* GithubRepoSearcherSwiftTests.swift */,
				B3DE678C25AF937900A90417 /* TestsSearchResultsViewModel.swift */,
				B3DE67C325AFAFF800A90417 /* TestRepositoryParse.swift */,
			);
			path = Tests;
			sourceTree = "<group>";
		};
/* End PBXGroup section */

/* Begin PBXNativeTarget section */
		B3D97BE325A22C1600B3F715 /* GithubRepoSearcherSwift */ = {
			isa = PBXNativeTarget;
			buildConfigurationList = B3D97C0E25A22C1800B3F715 /* Build configuration list for PBXNativeTarget "GithubRepoSearcherSwift" */;
			buildPhases = (
				B3D97BE025A22C1600B3F715 /* Sources */,
				B3D97BE125A22C1600B3F715 /* Frameworks */,
				B3D97BE225A22C1600B3F715 /* Resources */,
			);
			buildRules = (
			);
			dependencies = (
			);
			name = GithubRepoSearcherSwift;
			productName = GithubRepoSearcherSwift;
			productReference = B3D97BE425A22C1600B3F715 /* GithubRepoSearcherSwift.app */;
			productType = "com.apple.product-type.application";
		};
		B3D97BF925A22C1700B3F715 /* GithubRepoSearcherSwiftTests */ = {
			isa = PBXNativeTarget;
			buildConfigurationList = B3D97C1125A22C1800B3F715 /* Build configuration list for PBXNativeTarget "GithubRepoSearcherSwiftTests" */;
			buildPhases = (
				B3D97BF625A22C1700B3F715 /* Sources */,
				B3D97BF725A22C1700B3F715 /* Frameworks */,
				B3D97BF825A22C1700B3F715 /* Resources */,
			);
			buildRules = (
			);
			dependencies = (
				B3D97BFC25A22C1700B3F715 /* PBXTargetDependency */,
			);
			name = GithubRepoSearcherSwiftTests;
			productName = GithubRepoSearcherSwiftTests;
			productReference = B3D97BFA25A22C1700B3F715 /* GithubRepoSearcherSwiftTests.xctest */;
			productType = "com.apple.product-type.bundle.unit-test";
		};
		B3D97C0425A22C1700B3F715 /* GithubRepoSearcherSwiftUITests */ = {
			isa = PBXNativeTarget;
			buildConfigurationList = B3D97C1425A22C1800B3F715 /* Build configuration list for PBXNativeTarget "GithubRepoSearcherSwiftUITests" */;
			buildPhases = (
				B3D97C0125A22C1700B3F715 /* Sources */,
				B3D97C0225A22C1700B3F715 /* Frameworks */,
				B3D97C0325A22C1700B3F715 /* Resources */,
			);
			buildRules = (
			);
			dependencies = (
				B3D97C0725A22C1700B3F715 /* PBXTargetDependency */,
			);
			name = GithubRepoSearcherSwiftUITests;
			productName = GithubRepoSearcherSwiftUITests;
			productReference = B3D97C0525A22C1700B3F715 /* GithubRepoSearcherSwiftUITests.xctest */;
			productType = "com.apple.product-type.bundle.ui-testing";
		};
/* End PBXNativeTarget section */

/* Begin PBXProject section */
		B3D97BDC25A22C1600B3F715 /* Project object */ = {
			isa = PBXProject;
			attributes = {
				LastSwiftUpdateCheck = 1230;
				LastUpgradeCheck = 1230;
				TargetAttributes = {
					B3D97BE325A22C1600B3F715 = {
						CreatedOnToolsVersion = 12.3;
					};
					B3D97BF925A22C1700B3F715 = {
						CreatedOnToolsVersion = 12.3;
						TestTargetID = B3D97BE325A22C1600B3F715;
					};
					B3D97C0425A22C1700B3F715 = {
						CreatedOnToolsVersion = 12.3;
						TestTargetID = B3D97BE325A22C1600B3F715;
					};
				};
			};
			buildConfigurationList = B3D97BDF25A22C1600B3F715 /* Build configuration list for PBXProject "GithubRepoSearcherSwift" */;
			compatibilityVersion = "Xcode 9.3";
			developmentRegion = en;
			hasScannedForEncodings = 0;
			knownRegions = (
				en,
				Base,
			);
			mainGroup = B3D97BDB25A22C1600B3F715;
			productRefGroup = B3D97BE525A22C1600B3F715 /* Products */;
			projectDirPath = "";
			projectRoot = "";
			targets = (
				B3D97BE325A22C1600B3F715 /* GithubRepoSearcherSwift */,
				B3D97BF925A22C1700B3F715 /* GithubRepoSearcherSwiftTests */,
				B3D97C0425A22C1700B3F715 /* GithubRepoSearcherSwiftUITests */,
			);
		};
/* End PBXProject section */

/* Begin PBXResourcesBuildPhase section */
		B3D97BE225A22C1600B3F715 /* Resources */ = {
			isa = PBXResourcesBuildPhase;
			buildActionMask = 2147483647;
			files = (
				B3D97BF425A22C1700B3F715 /* LaunchScreen.storyboard in Resources */,
				B3D97BF125A22C1700B3F715 /* Assets.xcassets in Resources */,
				B3135BEB25A50D4300AB3F6A /* JSON.json in Resources */,
			);
			runOnlyForDeploymentPostprocessing = 0;
		};
		B3D97BF825A22C1700B3F715 /* Resources */ = {
			isa = PBXResourcesBuildPhase;
			buildActionMask = 2147483647;
			files = (
			);
			runOnlyForDeploymentPostprocessing = 0;
		};
		B3D97C0325A22C1700B3F715 /* Resources */ = {
			isa = PBXResourcesBuildPhase;
			buildActionMask = 2147483647;
			files = (
			);
			runOnlyForDeploymentPostprocessing = 0;
		};
/* End PBXResourcesBuildPhase section */

/* Begin PBXSourcesBuildPhase section */
		B3D97BE025A22C1600B3F715 /* Sources */ = {
			isa = PBXSourcesBuildPhase;
			buildActionMask = 2147483647;
			files = (
				B39E4EFC25A906540034A519 /* RepostiryTableViewCell.swift in Sources */,
				B371100025AB48FD00BE63C9 /* CachedResultsViewController.swift in Sources */,
				B371101D25ACEEEC00BE63C9 /* MainTabBarController.swift in Sources */,
				B3135BC325A4F20500AB3F6A /* CodingUserInfoKey.swift in Sources */,
				B39E4F0425A906C80034A519 /* SearchReposirotiesViewModel.swift in Sources */,
				B3135BD825A509E400AB3F6A /* Repository+CoreDataProperties.swift in Sources */,
				B3D97C2825A22E4A00B3F715 /* Reachability.swift in Sources */,
				B3710FF025A94C7100BE63C9 /* CellViewModel.swift in Sources */,
				B3D97BEC25A22C1600B3F715 /* SearchRepositoriesViewController.swift in Sources */,
				B3DE679925AF9D4700A90417 /* RepoFinder.swift in Sources */,
				B3D97BE825A22C1600B3F715 /* AppDelegate.swift in Sources */,
				B371100825AB49EB00BE63C9 /* CachedResultsViewModel.swift in Sources */,
				B3D97C1E25A22CF100B3F715 /* NetworkManager.swift in Sources */,
				B371101825ACE56500BE63C9 /* PersistentContainer.swift in Sources */,
				B3D97C1F25A22CF100B3F715 /* RequestBuilder.swift in Sources */,
				B371101325ABF09900BE63C9 /* DatabaseManager.swift in Sources */,
				B3135BB425A4DA2400AB3F6A /* SearchResult+CoreDataProperties.swift in Sources */,
				B3135BB125A4DA2400AB3F6A /* Repository+CoreDataClass.swift in Sources */,
				B3135B6525A4BD0000AB3F6A /* Model.xcdatamodeld in Sources */,
				B3135BB325A4DA2400AB3F6A /* SearchResult+CoreDataClass.swift in Sources */,
				B3D97C1D25A22CF100B3F715 /* GitApiRequest.swift in Sources */,
				B3D97BEA25A22C1600B3F715 /* SceneDelegate.swift in Sources */,
				B3D97C2D25A22E9C00B3F715 /* Constants.swift in Sources */,
			);
			runOnlyForDeploymentPostprocessing = 0;
		};
		B3D97BF625A22C1700B3F715 /* Sources */ = {
			isa = PBXSourcesBuildPhase;
			buildActionMask = 2147483647;
			files = (
				B3DE678D25AF937900A90417 /* TestsSearchResultsViewModel.swift in Sources */,
				B3DE678825AF8B8E00A90417 /* TestableDatabaseManager.swift in Sources */,
				B3DE679225AF97A600A90417 /* TestableRepoFinder.swift in Sources */,
				B3DE67C425AFAFF800A90417 /* TestRepositoryParse.swift in Sources */,
				B3D97BFF25A22C1700B3F715 /* GithubRepoSearcherSwiftTests.swift in Sources */,
			);
			runOnlyForDeploymentPostprocessing = 0;
		};
		B3D97C0125A22C1700B3F715 /* Sources */ = {
			isa = PBXSourcesBuildPhase;
			buildActionMask = 2147483647;
			files = (
				B3D97C0A25A22C1700B3F715 /* GithubRepoSearcherSwiftUITests.swift in Sources */,
			);
			runOnlyForDeploymentPostprocessing = 0;
		};
/* End PBXSourcesBuildPhase section */

/* Begin PBXTargetDependency section */
		B3D97BFC25A22C1700B3F715 /* PBXTargetDependency */ = {
			isa = PBXTargetDependency;
			target = B3D97BE325A22C1600B3F715 /* GithubRepoSearcherSwift */;
			targetProxy = B3D97BFB25A22C1700B3F715 /* PBXContainerItemProxy */;
		};
		B3D97C0725A22C1700B3F715 /* PBXTargetDependency */ = {
			isa = PBXTargetDependency;
			target = B3D97BE325A22C1600B3F715 /* GithubRepoSearcherSwift */;
			targetProxy = B3D97C0625A22C1700B3F715 /* PBXContainerItemProxy */;
		};
/* End PBXTargetDependency section */

/* Begin PBXVariantGroup section */
		B3D97BF225A22C1700B3F715 /* LaunchScreen.storyboard */ = {
			isa = PBXVariantGroup;
			children = (
				B3D97BF325A22C1700B3F715 /* Base */,
			);
			name = LaunchScreen.storyboard;
			sourceTree = "<group>";
		};
/* End PBXVariantGroup section */

/* Begin XCBuildConfiguration section */
		B3D97C0C25A22C1800B3F715 /* Debug */ = {
			isa = XCBuildConfiguration;
			buildSettings = {
				ALWAYS_SEARCH_USER_PATHS = NO;
				CLANG_ANALYZER_NONNULL = YES;
				CLANG_ANALYZER_NUMBER_OBJECT_CONVERSION = YES_AGGRESSIVE;
				CLANG_CXX_LANGUAGE_STANDARD = "gnu++14";
				CLANG_CXX_LIBRARY = "libc++";
				CLANG_ENABLE_MODULES = YES;
				CLANG_ENABLE_OBJC_ARC = YES;
				CLANG_ENABLE_OBJC_WEAK = YES;
				CLANG_WARN_BLOCK_CAPTURE_AUTORELEASING = YES;
				CLANG_WARN_BOOL_CONVERSION = YES;
				CLANG_WARN_COMMA = YES;
				CLANG_WARN_CONSTANT_CONVERSION = YES;
				CLANG_WARN_DEPRECATED_OBJC_IMPLEMENTATIONS = YES;
				CLANG_WARN_DIRECT_OBJC_ISA_USAGE = YES_ERROR;
				CLANG_WARN_DOCUMENTATION_COMMENTS = YES;
				CLANG_WARN_EMPTY_BODY = YES;
				CLANG_WARN_ENUM_CONVERSION = YES;
				CLANG_WARN_INFINITE_RECURSION = YES;
				CLANG_WARN_INT_CONVERSION = YES;
				CLANG_WARN_NON_LITERAL_NULL_CONVERSION = YES;
				CLANG_WARN_OBJC_IMPLICIT_RETAIN_SELF = YES;
				CLANG_WARN_OBJC_LITERAL_CONVERSION = YES;
				CLANG_WARN_OBJC_ROOT_CLASS = YES_ERROR;
				CLANG_WARN_QUOTED_INCLUDE_IN_FRAMEWORK_HEADER = YES;
				CLANG_WARN_RANGE_LOOP_ANALYSIS = YES;
				CLANG_WARN_STRICT_PROTOTYPES = YES;
				CLANG_WARN_SUSPICIOUS_MOVE = YES;
				CLANG_WARN_UNGUARDED_AVAILABILITY = YES_AGGRESSIVE;
				CLANG_WARN_UNREACHABLE_CODE = YES;
				CLANG_WARN__DUPLICATE_METHOD_MATCH = YES;
				COPY_PHASE_STRIP = NO;
				DEBUG_INFORMATION_FORMAT = dwarf;
				ENABLE_STRICT_OBJC_MSGSEND = YES;
				ENABLE_TESTABILITY = YES;
				GCC_C_LANGUAGE_STANDARD = gnu11;
				GCC_DYNAMIC_NO_PIC = NO;
				GCC_NO_COMMON_BLOCKS = YES;
				GCC_OPTIMIZATION_LEVEL = 0;
				GCC_PREPROCESSOR_DEFINITIONS = (
					"DEBUG=1",
					"$(inherited)",
				);
				GCC_WARN_64_TO_32_BIT_CONVERSION = YES;
				GCC_WARN_ABOUT_RETURN_TYPE = YES_ERROR;
				GCC_WARN_UNDECLARED_SELECTOR = YES;
				GCC_WARN_UNINITIALIZED_AUTOS = YES_AGGRESSIVE;
				GCC_WARN_UNUSED_FUNCTION = YES;
				GCC_WARN_UNUSED_VARIABLE = YES;
				IPHONEOS_DEPLOYMENT_TARGET = 14.3;
				MTL_ENABLE_DEBUG_INFO = INCLUDE_SOURCE;
				MTL_FAST_MATH = YES;
				ONLY_ACTIVE_ARCH = YES;
				SDKROOT = iphoneos;
				SWIFT_ACTIVE_COMPILATION_CONDITIONS = DEBUG;
				SWIFT_OPTIMIZATION_LEVEL = "-Onone";
			};
			name = Debug;
		};
		B3D97C0D25A22C1800B3F715 /* Release */ = {
			isa = XCBuildConfiguration;
			buildSettings = {
				ALWAYS_SEARCH_USER_PATHS = NO;
				CLANG_ANALYZER_NONNULL = YES;
				CLANG_ANALYZER_NUMBER_OBJECT_CONVERSION = YES_AGGRESSIVE;
				CLANG_CXX_LANGUAGE_STANDARD = "gnu++14";
				CLANG_CXX_LIBRARY = "libc++";
				CLANG_ENABLE_MODULES = YES;
				CLANG_ENABLE_OBJC_ARC = YES;
				CLANG_ENABLE_OBJC_WEAK = YES;
				CLANG_WARN_BLOCK_CAPTURE_AUTORELEASING = YES;
				CLANG_WARN_BOOL_CONVERSION = YES;
				CLANG_WARN_COMMA = YES;
				CLANG_WARN_CONSTANT_CONVERSION = YES;
				CLANG_WARN_DEPRECATED_OBJC_IMPLEMENTATIONS = YES;
				CLANG_WARN_DIRECT_OBJC_ISA_USAGE = YES_ERROR;
				CLANG_WARN_DOCUMENTATION_COMMENTS = YES;
				CLANG_WARN_EMPTY_BODY = YES;
				CLANG_WARN_ENUM_CONVERSION = YES;
				CLANG_WARN_INFINITE_RECURSION = YES;
				CLANG_WARN_INT_CONVERSION = YES;
				CLANG_WARN_NON_LITERAL_NULL_CONVERSION = YES;
				CLANG_WARN_OBJC_IMPLICIT_RETAIN_SELF = YES;
				CLANG_WARN_OBJC_LITERAL_CONVERSION = YES;
				CLANG_WARN_OBJC_ROOT_CLASS = YES_ERROR;
				CLANG_WARN_QUOTED_INCLUDE_IN_FRAMEWORK_HEADER = YES;
				CLANG_WARN_RANGE_LOOP_ANALYSIS = YES;
				CLANG_WARN_STRICT_PROTOTYPES = YES;
				CLANG_WARN_SUSPICIOUS_MOVE = YES;
				CLANG_WARN_UNGUARDED_AVAILABILITY = YES_AGGRESSIVE;
				CLANG_WARN_UNREACHABLE_CODE = YES;
				CLANG_WARN__DUPLICATE_METHOD_MATCH = YES;
				COPY_PHASE_STRIP = NO;
				DEBUG_INFORMATION_FORMAT = "dwarf-with-dsym";
				ENABLE_NS_ASSERTIONS = NO;
				ENABLE_STRICT_OBJC_MSGSEND = YES;
				GCC_C_LANGUAGE_STANDARD = gnu11;
				GCC_NO_COMMON_BLOCKS = YES;
				GCC_WARN_64_TO_32_BIT_CONVERSION = YES;
				GCC_WARN_ABOUT_RETURN_TYPE = YES_ERROR;
				GCC_WARN_UNDECLARED_SELECTOR = YES;
				GCC_WARN_UNINITIALIZED_AUTOS = YES_AGGRESSIVE;
				GCC_WARN_UNUSED_FUNCTION = YES;
				GCC_WARN_UNUSED_VARIABLE = YES;
				IPHONEOS_DEPLOYMENT_TARGET = 14.3;
				MTL_ENABLE_DEBUG_INFO = NO;
				MTL_FAST_MATH = YES;
				SDKROOT = iphoneos;
				SWIFT_COMPILATION_MODE = wholemodule;
				SWIFT_OPTIMIZATION_LEVEL = "-O";
				VALIDATE_PRODUCT = YES;
			};
			name = Release;
		};
		B3D97C0F25A22C1800B3F715 /* Debug */ = {
			isa = XCBuildConfiguration;
			buildSettings = {
				ASSETCATALOG_COMPILER_APPICON_NAME = AppIcon;
				ASSETCATALOG_COMPILER_GLOBAL_ACCENT_COLOR_NAME = AccentColor;
				CODE_SIGN_STYLE = Automatic;
				DEVELOPMENT_TEAM = T2396XLDWH;
				INFOPLIST_FILE = GithubRepoSearcherSwift/Info.plist;
				LD_RUNPATH_SEARCH_PATHS = (
					"$(inherited)",
					"@executable_path/Frameworks",
				);
				PRODUCT_BUNDLE_IDENTIFIER = com.imroslav.GithubRepoSearcherSwift;
				PRODUCT_NAME = "$(TARGET_NAME)";
				SWIFT_VERSION = 5.0;
				TARGETED_DEVICE_FAMILY = "1,2";
			};
			name = Debug;
		};
		B3D97C1025A22C1800B3F715 /* Release */ = {
			isa = XCBuildConfiguration;
			buildSettings = {
				ASSETCATALOG_COMPILER_APPICON_NAME = AppIcon;
				ASSETCATALOG_COMPILER_GLOBAL_ACCENT_COLOR_NAME = AccentColor;
				CODE_SIGN_STYLE = Automatic;
				DEVELOPMENT_TEAM = T2396XLDWH;
				INFOPLIST_FILE = GithubRepoSearcherSwift/Info.plist;
				LD_RUNPATH_SEARCH_PATHS = (
					"$(inherited)",
					"@executable_path/Frameworks",
				);
				PRODUCT_BUNDLE_IDENTIFIER = com.imroslav.GithubRepoSearcherSwift;
				PRODUCT_NAME = "$(TARGET_NAME)";
				SWIFT_VERSION = 5.0;
				TARGETED_DEVICE_FAMILY = "1,2";
			};
			name = Release;
		};
		B3D97C1225A22C1800B3F715 /* Debug */ = {
			isa = XCBuildConfiguration;
			buildSettings = {
				ALWAYS_EMBED_SWIFT_STANDARD_LIBRARIES = YES;
				BUNDLE_LOADER = "$(TEST_HOST)";
				CODE_SIGN_STYLE = Automatic;
				DEVELOPMENT_TEAM = T2396XLDWH;
				INFOPLIST_FILE = GithubRepoSearcherSwiftTests/Info.plist;
				IPHONEOS_DEPLOYMENT_TARGET = 14.3;
				LD_RUNPATH_SEARCH_PATHS = (
					"$(inherited)",
					"@executable_path/Frameworks",
					"@loader_path/Frameworks",
				);
				PRODUCT_BUNDLE_IDENTIFIER = com.imroslav.GithubRepoSearcherSwiftTests;
				PRODUCT_NAME = "$(TARGET_NAME)";
				SWIFT_VERSION = 5.0;
				TARGETED_DEVICE_FAMILY = "1,2";
				TEST_HOST = "$(BUILT_PRODUCTS_DIR)/GithubRepoSearcherSwift.app/GithubRepoSearcherSwift";
			};
			name = Debug;
		};
		B3D97C1325A22C1800B3F715 /* Release */ = {
			isa = XCBuildConfiguration;
			buildSettings = {
				ALWAYS_EMBED_SWIFT_STANDARD_LIBRARIES = YES;
				BUNDLE_LOADER = "$(TEST_HOST)";
				CODE_SIGN_STYLE = Automatic;
				DEVELOPMENT_TEAM = T2396XLDWH;
				INFOPLIST_FILE = GithubRepoSearcherSwiftTests/Info.plist;
				IPHONEOS_DEPLOYMENT_TARGET = 14.3;
				LD_RUNPATH_SEARCH_PATHS = (
					"$(inherited)",
					"@executable_path/Frameworks",
					"@loader_path/Frameworks",
				);
				PRODUCT_BUNDLE_IDENTIFIER = com.imroslav.GithubRepoSearcherSwiftTests;
				PRODUCT_NAME = "$(TARGET_NAME)";
				SWIFT_VERSION = 5.0;
				TARGETED_DEVICE_FAMILY = "1,2";
				TEST_HOST = "$(BUILT_PRODUCTS_DIR)/GithubRepoSearcherSwift.app/GithubRepoSearcherSwift";
			};
			name = Release;
		};
		B3D97C1525A22C1800B3F715 /* Debug */ = {
			isa = XCBuildConfiguration;
			buildSettings = {
				ALWAYS_EMBED_SWIFT_STANDARD_LIBRARIES = YES;
				CODE_SIGN_STYLE = Automatic;
				DEVELOPMENT_TEAM = T2396XLDWH;
				INFOPLIST_FILE = GithubRepoSearcherSwiftUITests/Info.plist;
				LD_RUNPATH_SEARCH_PATHS = (
					"$(inherited)",
					"@executable_path/Frameworks",
					"@loader_path/Frameworks",
				);
				PRODUCT_BUNDLE_IDENTIFIER = com.imroslav.GithubRepoSearcherSwiftUITests;
				PRODUCT_NAME = "$(TARGET_NAME)";
				SWIFT_VERSION = 5.0;
				TARGETED_DEVICE_FAMILY = "1,2";
				TEST_TARGET_NAME = GithubRepoSearcherSwift;
			};
			name = Debug;
		};
		B3D97C1625A22C1800B3F715 /* Release */ = {
			isa = XCBuildConfiguration;
			buildSettings = {
				ALWAYS_EMBED_SWIFT_STANDARD_LIBRARIES = YES;
				CODE_SIGN_STYLE = Automatic;
				DEVELOPMENT_TEAM = T2396XLDWH;
				INFOPLIST_FILE = GithubRepoSearcherSwiftUITests/Info.plist;
				LD_RUNPATH_SEARCH_PATHS = (
					"$(inherited)",
					"@executable_path/Frameworks",
					"@loader_path/Frameworks",
				);
				PRODUCT_BUNDLE_IDENTIFIER = com.imroslav.GithubRepoSearcherSwiftUITests;
				PRODUCT_NAME = "$(TARGET_NAME)";
				SWIFT_VERSION = 5.0;
				TARGETED_DEVICE_FAMILY = "1,2";
				TEST_TARGET_NAME = GithubRepoSearcherSwift;
			};
			name = Release;
		};
/* End XCBuildConfiguration section */

/* Begin XCConfigurationList section */
		B3D97BDF25A22C1600B3F715 /* Build configuration list for PBXProject "GithubRepoSearcherSwift" */ = {
			isa = XCConfigurationList;
			buildConfigurations = (
				B3D97C0C25A22C1800B3F715 /* Debug */,
				B3D97C0D25A22C1800B3F715 /* Release */,
			);
			defaultConfigurationIsVisible = 0;
			defaultConfigurationName = Release;
		};
		B3D97C0E25A22C1800B3F715 /* Build configuration list for PBXNativeTarget "GithubRepoSearcherSwift" */ = {
			isa = XCConfigurationList;
			buildConfigurations = (
				B3D97C0F25A22C1800B3F715 /* Debug */,
				B3D97C1025A22C1800B3F715 /* Release */,
			);
			defaultConfigurationIsVisible = 0;
			defaultConfigurationName = Release;
		};
		B3D97C1125A22C1800B3F715 /* Build configuration list for PBXNativeTarget "GithubRepoSearcherSwiftTests" */ = {
			isa = XCConfigurationList;
			buildConfigurations = (
				B3D97C1225A22C1800B3F715 /* Debug */,
				B3D97C1325A22C1800B3F715 /* Release */,
			);
			defaultConfigurationIsVisible = 0;
			defaultConfigurationName = Release;
		};
		B3D97C1425A22C1800B3F715 /* Build configuration list for PBXNativeTarget "GithubRepoSearcherSwiftUITests" */ = {
			isa = XCConfigurationList;
			buildConfigurations = (
				B3D97C1525A22C1800B3F715 /* Debug */,
				B3D97C1625A22C1800B3F715 /* Release */,
			);
			defaultConfigurationIsVisible = 0;
			defaultConfigurationName = Release;
		};
/* End XCConfigurationList section */

/* Begin XCVersionGroup section */
		B3135B6325A4BD0000AB3F6A /* Model.xcdatamodeld */ = {
			isa = XCVersionGroup;
			children = (
				B3135B6425A4BD0000AB3F6A /* Model.xcdatamodel */,
			);
			currentVersion = B3135B6425A4BD0000AB3F6A /* Model.xcdatamodel */;
			path = Model.xcdatamodeld;
			sourceTree = "<group>";
			versionGroupType = wrapper.xcdatamodel;
		};
/* End XCVersionGroup section */
	};
	rootObject = B3D97BDC25A22C1600B3F715 /* Project object */;
}
